
Microsoft Visual Studio Solution File, Format Version 12.00
# Visual Studio Version 17
VisualStudioVersion = 17.8.34330.188
MinimumVisualStudioVersion = 10.0.40219.1
Project("{FAE04EC0-301F-11D3-BF4B-00C04F79EFBC}") = "programming technologies #4_2", "programming technologies #4_2\programming technologies #4_2.csproj", "{124BEBAE-D8DB-4169-86FB-E268806E5473}"
EndProject
Global
	GlobalSection(SolutionConfigurationPlatforms) = preSolution
		Debug|Any CPU = Debug|Any CPU
		Release|Any CPU = Release|Any CPU
	EndGlobalSection
	GlobalSection(ProjectConfigurationPlatforms) = postSolution
		{124BEBAE-D8DB-4169-86FB-E268806E5473}.Debug|Any CPU.ActiveCfg = Debug|Any CPU
		{124BEBAE-D8DB-4169-86FB-E268806E5473}.Debug|Any CPU.Build.0 = Debug|Any CPU
		{124BEBAE-D8DB-4169-86FB-E268806E5473}.Release|Any CPU.ActiveCfg = Release|Any CPU
		{124BEBAE-D8DB-4169-86FB-E268806E5473}.Release|Any CPU.Build.0 = Release|Any CPU
	EndGlobalSection
	GlobalSection(SolutionProperties) = preSolution
		HideSolutionNode = FALSE
	EndGlobalSection
	GlobalSection(ExtensibilityGlobals) = postSolution
		SolutionGuid = {B49D705A-B1DB-41F5-A1A5-8E91307E51EF}
	EndGlobalSection
EndGlobal
