
Microsoft Visual Studio Solution File, Format Version 12.00
# Visual Studio Version 17
VisualStudioVersion = 17.8.34330.188
MinimumVisualStudioVersion = 10.0.40219.1
Project("{FAE04EC0-301F-11D3-BF4B-00C04F79EFBC}") = "programming technologies #4_3", "programming technologies #4_3\programming technologies #4_3.csproj", "{151AB398-4F02-41F9-B17A-D17F70188475}"
EndProject
Global
	GlobalSection(SolutionConfigurationPlatforms) = preSolution
		Debug|Any CPU = Debug|Any CPU
		Release|Any CPU = Release|Any CPU
	EndGlobalSection
	GlobalSection(ProjectConfigurationPlatforms) = postSolution
		{151AB398-4F02-41F9-B17A-D17F70188475}.Debug|Any CPU.ActiveCfg = Debug|Any CPU
		{151AB398-4F02-41F9-B17A-D17F70188475}.Debug|Any CPU.Build.0 = Debug|Any CPU
		{151AB398-4F02-41F9-B17A-D17F70188475}.Release|Any CPU.ActiveCfg = Release|Any CPU
		{151AB398-4F02-41F9-B17A-D17F70188475}.Release|Any CPU.Build.0 = Release|Any CPU
	EndGlobalSection
	GlobalSection(SolutionProperties) = preSolution
		HideSolutionNode = FALSE
	EndGlobalSection
	GlobalSection(ExtensibilityGlobals) = postSolution
		SolutionGuid = {711A3D00-ACD6-4B43-BA40-B677EFEBFE56}
	EndGlobalSection
EndGlobal
